// !$*UTF8*$!
{
	archiveVersion = 1;
	classes = {
	};
	objectVersion = 46;
	objects = {

/* Begin PBXBuildFile section */
		2D4D1CEC1EBB1B86006B1039 /* KYCNameViewController.swift in Sources */ = {isa = PBXBuildFile; fileRef = 2D4D1CEA1EBB1B86006B1039 /* KYCNameViewController.swift */; };
		2D4D1CED1EBB1B86006B1039 /* KYCNameViewController.xib in Resources */ = {isa = PBXBuildFile; fileRef = 2D4D1CEB1EBB1B86006B1039 /* KYCNameViewController.xib */; };
		849801B51EBACC80006DF8AF /* AppDelegate.swift in Sources */ = {isa = PBXBuildFile; fileRef = 849801B41EBACC80006DF8AF /* AppDelegate.swift */; };
		849801B71EBACC80006DF8AF /* ViewController.swift in Sources */ = {isa = PBXBuildFile; fileRef = 849801B61EBACC80006DF8AF /* ViewController.swift */; };
		849801BA1EBACC80006DF8AF /* Main.storyboard in Resources */ = {isa = PBXBuildFile; fileRef = 849801B81EBACC80006DF8AF /* Main.storyboard */; };
		849801BC1EBACC80006DF8AF /* Assets.xcassets in Resources */ = {isa = PBXBuildFile; fileRef = 849801BB1EBACC80006DF8AF /* Assets.xcassets */; };
		849801BF1EBACC80006DF8AF /* LaunchScreen.storyboard in Resources */ = {isa = PBXBuildFile; fileRef = 849801BD1EBACC80006DF8AF /* LaunchScreen.storyboard */; };
/* End PBXBuildFile section */

/* Begin PBXFileReference section */
		2D4D1CEA1EBB1B86006B1039 /* KYCNameViewController.swift */ = {isa = PBXFileReference; fileEncoding = 4; lastKnownFileType = sourcecode.swift; path = KYCNameViewController.swift; sourceTree = "<group>"; };
		2D4D1CEB1EBB1B86006B1039 /* KYCNameViewController.xib */ = {isa = PBXFileReference; fileEncoding = 4; lastKnownFileType = file.xib; path = KYCNameViewController.xib; sourceTree = "<group>"; };
		849801B11EBACC80006DF8AF /* KYC.app */ = {isa = PBXFileReference; explicitFileType = wrapper.application; includeInIndex = 0; path = KYC.app; sourceTree = BUILT_PRODUCTS_DIR; };
		849801B41EBACC80006DF8AF /* AppDelegate.swift */ = {isa = PBXFileReference; lastKnownFileType = sourcecode.swift; path = AppDelegate.swift; sourceTree = "<group>"; };
		849801B61EBACC80006DF8AF /* ViewController.swift */ = {isa = PBXFileReference; lastKnownFileType = sourcecode.swift; path = ViewController.swift; sourceTree = "<group>"; };
		849801B91EBACC80006DF8AF /* Base */ = {isa = PBXFileReference; lastKnownFileType = file.storyboard; name = Base; path = Base.lproj/Main.storyboard; sourceTree = "<group>"; };
		849801BB1EBACC80006DF8AF /* Assets.xcassets */ = {isa = PBXFileReference; lastKnownFileType = folder.assetcatalog; path = Assets.xcassets; sourceTree = "<group>"; };
		849801BE1EBACC80006DF8AF /* Base */ = {isa = PBXFileReference; lastKnownFileType = file.storyboard; name = Base; path = Base.lproj/LaunchScreen.storyboard; sourceTree = "<group>"; };
		849801C01EBACC80006DF8AF /* Info.plist */ = {isa = PBXFileReference; lastKnownFileType = text.plist.xml; path = Info.plist; sourceTree = "<group>"; };
/* End PBXFileReference section */

/* Begin PBXFrameworksBuildPhase section */
		849801AE1EBACC80006DF8AF /* Frameworks */ = {
			isa = PBXFrameworksBuildPhase;
			buildActionMask = 2147483647;
			files = (
			);
			runOnlyForDeploymentPostprocessing = 0;
		};
/* End PBXFrameworksBuildPhase section */

/* Begin PBXGroup section */
		849801A81EBACC80006DF8AF = {
			isa = PBXGroup;
			children = (
				849801B31EBACC80006DF8AF /* KYC */,
				849801B21EBACC80006DF8AF /* Products */,
			);
			sourceTree = "<group>";
		};
		849801B21EBACC80006DF8AF /* Products */ = {
			isa = PBXGroup;
			children = (
				849801B11EBACC80006DF8AF /* KYC.app */,
			);
			name = Products;
			sourceTree = "<group>";
		};
		849801B31EBACC80006DF8AF /* KYC */ = {
			isa = PBXGroup;
			children = (
				849801B41EBACC80006DF8AF /* AppDelegate.swift */,
				849801B61EBACC80006DF8AF /* ViewController.swift */,
				849801B81EBACC80006DF8AF /* Main.storyboard */,
				849801BB1EBACC80006DF8AF /* Assets.xcassets */,
				849801BD1EBACC80006DF8AF /* LaunchScreen.storyboard */,
				849801C01EBACC80006DF8AF /* Info.plist */,
				2D4D1CEA1EBB1B86006B1039 /* KYCNameViewController.swift */,
				2D4D1CEB1EBB1B86006B1039 /* KYCNameViewController.xib */,
			);
			path = KYC;
			sourceTree = "<group>";
		};
/* End PBXGroup section */

/* Begin PBXNativeTarget section */
		849801B01EBACC80006DF8AF /* KYC */ = {
			isa = PBXNativeTarget;
			buildConfigurationList = 849801C31EBACC80006DF8AF /* Build configuration list for PBXNativeTarget "KYC" */;
			buildPhases = (
				849801AD1EBACC80006DF8AF /* Sources */,
				849801AE1EBACC80006DF8AF /* Frameworks */,
				849801AF1EBACC80006DF8AF /* Resources */,
			);
			buildRules = (
			);
			dependencies = (
			);
			name = KYC;
			productName = KYC;
			productReference = 849801B11EBACC80006DF8AF /* KYC.app */;
			productType = "com.apple.product-type.application";
		};
/* End PBXNativeTarget section */

/* Begin PBXProject section */
		849801A91EBACC80006DF8AF /* Project object */ = {
			isa = PBXProject;
			attributes = {
				LastSwiftUpdateCheck = 0830;
				LastUpgradeCheck = 0830;
				ORGANIZATIONNAME = "Matan alpha";
				TargetAttributes = {
					849801B01EBACC80006DF8AF = {
						CreatedOnToolsVersion = 8.3.2;
						ProvisioningStyle = Automatic;
					};
				};
			};
			buildConfigurationList = 849801AC1EBACC80006DF8AF /* Build configuration list for PBXProject "KYC" */;
			compatibilityVersion = "Xcode 3.2";
			developmentRegion = English;
			hasScannedForEncodings = 0;
			knownRegions = (
				en,
				Base,
			);
			mainGroup = 849801A81EBACC80006DF8AF;
			productRefGroup = 849801B21EBACC80006DF8AF /* Products */;
			projectDirPath = "";
			projectRoot = "";
			targets = (
				849801B01EBACC80006DF8AF /* KYC */,
			);
		};
/* End PBXProject section */

/* Begin PBXResourcesBuildPhase section */
		849801AF1EBACC80006DF8AF /* Resources */ = {
			isa = PBXResourcesBuildPhase;
			buildActionMask = 2147483647;
			files = (
				849801BF1EBACC80006DF8AF /* LaunchScreen.storyboard in Resources */,
				2D4D1CED1EBB1B86006B1039 /* KYCNameViewController.xib in Resources */,
				849801BC1EBACC80006DF8AF /* Assets.xcassets in Resources */,
				849801BA1EBACC80006DF8AF /* Main.storyboard in Resources */,
			);
			runOnlyForDeploymentPostprocessing = 0;
		};
/* End PBXResourcesBuildPhase section */

/* Begin PBXSourcesBuildPhase section */
		849801AD1EBACC80006DF8AF /* Sources */ = {
			isa = PBXSourcesBuildPhase;
			buildActionMask = 2147483647;
			files = (
				2D4D1CEC1EBB1B86006B1039 /* KYCNameViewController.swift in Sources */,
				849801B71EBACC80006DF8AF /* ViewController.swift in Sources */,
				849801B51EBACC80006DF8AF /* AppDelegate.swift in Sources */,
			);
			runOnlyForDeploymentPostprocessing = 0;
		};
/* End PBXSourcesBuildPhase section */

/* Begin PBXVariantGroup section */
		849801B81EBACC80006DF8AF /* Main.storyboard */ = {
			isa = PBXVariantGroup;
			children = (
				849801B91EBACC80006DF8AF /* Base */,
			);
			name = Main.storyboard;
			sourceTree = "<group>";
		};
		849801BD1EBACC80006DF8AF /* LaunchScreen.storyboard */ = {
			isa = PBXVariantGroup;
			children = (
				849801BE1EBACC80006DF8AF /* Base */,
			);
			name = LaunchScreen.storyboard;
			sourceTree = "<group>";
		};
/* End PBXVariantGroup section */

/* Begin XCBuildConfiguration section */
		849801C11EBACC80006DF8AF /* Debug */ = {
			isa = XCBuildConfiguration;
			buildSettings = {
				ALWAYS_SEARCH_USER_PATHS = NO;
				CLANG_ANALYZER_NONNULL = YES;
				CLANG_ANALYZER_NUMBER_OBJECT_CONVERSION = YES_AGGRESSIVE;
				CLANG_CXX_LANGUAGE_STANDARD = "gnu++0x";
				CLANG_CXX_LIBRARY = "libc++";
				CLANG_ENABLE_MODULES = YES;
				CLANG_ENABLE_OBJC_ARC = YES;
				CLANG_WARN_BOOL_CONVERSION = YES;
				CLANG_WARN_CONSTANT_CONVERSION = YES;
				CLANG_WARN_DIRECT_OBJC_ISA_USAGE = YES_ERROR;
				CLANG_WARN_DOCUMENTATION_COMMENTS = YES;
				CLANG_WARN_EMPTY_BODY = YES;
				CLANG_WARN_ENUM_CONVERSION = YES;
				CLANG_WARN_INFINITE_RECURSION = YES;
				CLANG_WARN_INT_CONVERSION = YES;
				CLANG_WARN_OBJC_ROOT_CLASS = YES_ERROR;
				CLANG_WARN_SUSPICIOUS_MOVE = YES;
				CLANG_WARN_UNREACHABLE_CODE = YES;
				CLANG_WARN__DUPLICATE_METHOD_MATCH = YES;
				"CODE_SIGN_IDENTITY[sdk=iphoneos*]" = "iPhone Developer";
				COPY_PHASE_STRIP = NO;
				DEBUG_INFORMATION_FORMAT = dwarf;
				ENABLE_STRICT_OBJC_MSGSEND = YES;
				ENABLE_TESTABILITY = YES;
				GCC_C_LANGUAGE_STANDARD = gnu99;
				GCC_DYNAMIC_NO_PIC = NO;
				GCC_NO_COMMON_BLOCKS = YES;
				GCC_OPTIMIZATION_LEVEL = 0;
				GCC_PREPROCESSOR_DEFINITIONS = (
					"DEBUG=1",
					"$(inherited)",
				);
				GCC_WARN_64_TO_32_BIT_CONVERSION = YES;
				GCC_WARN_ABOUT_RETURN_TYPE = YES_ERROR;
				GCC_WARN_UNDECLARED_SELECTOR = YES;
				GCC_WARN_UNINITIALIZED_AUTOS = YES_AGGRESSIVE;
				GCC_WARN_UNUSED_FUNCTION = YES;
				GCC_WARN_UNUSED_VARIABLE = YES;
				IPHONEOS_DEPLOYMENT_TARGET = 10.3;
				MTL_ENABLE_DEBUG_INFO = YES;
				ONLY_ACTIVE_ARCH = YES;
				SDKROOT = iphoneos;
				SWIFT_ACTIVE_COMPILATION_CONDITIONS = DEBUG;
				SWIFT_OPTIMIZATION_LEVEL = "-Onone";
			};
			name = Debug;
		};
		849801C21EBACC80006DF8AF /* Release */ = {
			isa = XCBuildConfiguration;
			buildSettings = {
				ALWAYS_SEARCH_USER_PATHS = NO;
				CLANG_ANALYZER_NONNULL = YES;
				CLANG_ANALYZER_NUMBER_OBJECT_CONVERSION = YES_AGGRESSIVE;
				CLANG_CXX_LANGUAGE_STANDARD = "gnu++0x";
				CLANG_CXX_LIBRARY = "libc++";
				CLANG_ENABLE_MODULES = YES;
				CLANG_ENABLE_OBJC_ARC = YES;
				CLANG_WARN_BOOL_CONVERSION = YES;
				CLANG_WARN_CONSTANT_CONVERSION = YES;
				CLANG_WARN_DIRECT_OBJC_ISA_USAGE = YES_ERROR;
				CLANG_WARN_DOCUMENTATION_COMMENTS = YES;
				CLANG_WARN_EMPTY_BODY = YES;
				CLANG_WARN_ENUM_CONVERSION = YES;
				CLANG_WARN_INFINITE_RECURSION = YES;
				CLANG_WARN_INT_CONVERSION = YES;
				CLANG_WARN_OBJC_ROOT_CLASS = YES_ERROR;
				CLANG_WARN_SUSPICIOUS_MOVE = YES;
				CLANG_WARN_UNREACHABLE_CODE = YES;
				CLANG_WARN__DUPLICATE_METHOD_MATCH = YES;
				"CODE_SIGN_IDENTITY[sdk=iphoneos*]" = "iPhone Developer";
				COPY_PHASE_STRIP = NO;
				DEBUG_INFORMATION_FORMAT = "dwarf-with-dsym";
				ENABLE_NS_ASSERTIONS = NO;
				ENABLE_STRICT_OBJC_MSGSEND = YES;
				GCC_C_LANGUAGE_STANDARD = gnu99;
				GCC_NO_COMMON_BLOCKS = YES;
				GCC_WARN_64_TO_32_BIT_CONVERSION = YES;
				GCC_WARN_ABOUT_RETURN_TYPE = YES_ERROR;
				GCC_WARN_UNDECLARED_SELECTOR = YES;
				GCC_WARN_UNINITIALIZED_AUTOS = YES_AGGRESSIVE;
				GCC_WARN_UNUSED_FUNCTION = YES;
				GCC_WARN_UNUSED_VARIABLE = YES;
				IPHONEOS_DEPLOYMENT_TARGET = 10.3;
				MTL_ENABLE_DEBUG_INFO = NO;
				SDKROOT = iphoneos;
				SWIFT_OPTIMIZATION_LEVEL = "-Owholemodule";
				VALIDATE_PRODUCT = YES;
			};
			name = Release;
		};
		849801C41EBACC80006DF8AF /* Debug */ = {
			isa = XCBuildConfiguration;
			buildSettings = {
				ASSETCATALOG_COMPILER_APPICON_NAME = AppIcon;
				INFOPLIST_FILE = KYC/Info.plist;
				LD_RUNPATH_SEARCH_PATHS = "$(inherited) @executable_path/Frameworks";
				PRODUCT_BUNDLE_IDENTIFIER = com.kimaia.KYC;
				PRODUCT_NAME = "$(TARGET_NAME)";
				SWIFT_VERSION = 3.0;
			};
			name = Debug;
		};
		849801C51EBACC80006DF8AF /* Release */ = {
			isa = XCBuildConfiguration;
			buildSettings = {
				ASSETCATALOG_COMPILER_APPICON_NAME = AppIcon;
				INFOPLIST_FILE = KYC/Info.plist;
				LD_RUNPATH_SEARCH_PATHS = "$(inherited) @executable_path/Frameworks";
				PRODUCT_BUNDLE_IDENTIFIER = com.kimaia.KYC;
				PRODUCT_NAME = "$(TARGET_NAME)";
				SWIFT_VERSION = 3.0;
			};
			name = Release;
		};
/* End XCBuildConfiguration section */

/* Begin XCConfigurationList section */
		849801AC1EBACC80006DF8AF /* Build configuration list for PBXProject "KYC" */ = {
			isa = XCConfigurationList;
			buildConfigurations = (
				849801C11EBACC80006DF8AF /* Debug */,
				849801C21EBACC80006DF8AF /* Release */,
			);
			defaultConfigurationIsVisible = 0;
			defaultConfigurationName = Release;
		};
		849801C31EBACC80006DF8AF /* Build configuration list for PBXNativeTarget "KYC" */ = {
			isa = XCConfigurationList;
			buildConfigurations = (
				849801C41EBACC80006DF8AF /* Debug */,
				849801C51EBACC80006DF8AF /* Release */,
			);
			defaultConfigurationIsVisible = 0;
			defaultConfigurationName = Release;
		};
/* End XCConfigurationList section */
	};
	rootObject = 849801A91EBACC80006DF8AF /* Project object */;
}
